// !$*UTF8*$!
{
	archiveVersion = 1;
	classes = {
	};
	objectVersion = 56;
	objects = {

/* Begin PBXBuildFile section */
		48BA038A644C2862DB0E9708 /* Pods_VideoChat.framework in Frameworks */ = {isa = PBXBuildFile; fileRef = 05C4EB91BE85C1D8D4B38FFE /* Pods_VideoChat.framework */; };
		4F05C8CE29EAC1C600D4420A /* MatchNotification.swift in Sources */ = {isa = PBXBuildFile; fileRef = 4F05C8CD29EAC1C600D4420A /* MatchNotification.swift */; };
		4F09AE712A472A980028C810 /* StoreKit.framework in Frameworks */ = {isa = PBXBuildFile; fileRef = 4F09AE702A472A980028C810 /* StoreKit.framework */; };
		4F3A37CB2A559D8C0019DF62 /* IAPManager.swift in Sources */ = {isa = PBXBuildFile; fileRef = 4F3A37CA2A559D8C0019DF62 /* IAPManager.swift */; };
		4F3A37CD2A55A5CA0019DF62 /* Configuration.storekit in Resources */ = {isa = PBXBuildFile; fileRef = 4F3A37CC2A55A3740019DF62 /* Configuration.storekit */; };
		4F404CB729D4914500164DBF /* MessageChatTableViewCell.swift in Sources */ = {isa = PBXBuildFile; fileRef = 4F404CB629D4914500164DBF /* MessageChatTableViewCell.swift */; };
		4F40F1932A02E23100E8C1BC /* SmallNotification.swift in Sources */ = {isa = PBXBuildFile; fileRef = 4F40F1922A02E23100E8C1BC /* SmallNotification.swift */; };
		4F4691572A14CDD600EF3F56 /* ImageCache.swift in Sources */ = {isa = PBXBuildFile; fileRef = 4F4691562A14CDD600EF3F56 /* ImageCache.swift */; };
		4F515EFA2A45BACE0017D5D2 /* BuyCoinViewController.swift in Sources */ = {isa = PBXBuildFile; fileRef = 4F515EF92A45BACE0017D5D2 /* BuyCoinViewController.swift */; };
		4F515EFC2A45C1E60017D5D2 /* PackageButton.swift in Sources */ = {isa = PBXBuildFile; fileRef = 4F515EFB2A45C1E60017D5D2 /* PackageButton.swift */; };
		4F5393662A1D0B360079175F /* GenderClass 1.mlmodel in Sources */ = {isa = PBXBuildFile; fileRef = 4F5393652A1D0B360079175F /* GenderClass 1.mlmodel */; };
		4F6766EA29B0EC2000DC3BD6 /* LoginViewController.swift in Sources */ = {isa = PBXBuildFile; fileRef = 4F6766E929B0EC2000DC3BD6 /* LoginViewController.swift */; };
		4F6766EC29B0F02E00DC3BD6 /* RegisterViewController.swift in Sources */ = {isa = PBXBuildFile; fileRef = 4F6766EB29B0F02E00DC3BD6 /* RegisterViewController.swift */; };
		4F680C5729B0CD4600081B51 /* AppDelegate.swift in Sources */ = {isa = PBXBuildFile; fileRef = 4F680C5629B0CD4600081B51 /* AppDelegate.swift */; };
		4F680C5929B0CD4600081B51 /* SceneDelegate.swift in Sources */ = {isa = PBXBuildFile; fileRef = 4F680C5829B0CD4600081B51 /* SceneDelegate.swift */; };
		4F680C5B29B0CD4600081B51 /* ViewController.swift in Sources */ = {isa = PBXBuildFile; fileRef = 4F680C5A29B0CD4600081B51 /* ViewController.swift */; };
		4F680C6029B0CD4800081B51 /* Assets.xcassets in Resources */ = {isa = PBXBuildFile; fileRef = 4F680C5F29B0CD4800081B51 /* Assets.xcassets */; };
		4F680C6329B0CD4800081B51 /* LaunchScreen.storyboard in Resources */ = {isa = PBXBuildFile; fileRef = 4F680C6129B0CD4800081B51 /* LaunchScreen.storyboard */; };
		4F680C6C29B0CF5600081B51 /* GoogleService-Info.plist in Resources */ = {isa = PBXBuildFile; fileRef = 4F680C6B29B0CF5500081B51 /* GoogleService-Info.plist */; };
		4F8250652A44304B0084CEDC /* SelectGenderPopUp.swift in Sources */ = {isa = PBXBuildFile; fileRef = 4F8250642A44304B0084CEDC /* SelectGenderPopUp.swift */; };
		4F87C10929C73B100059EC6F /* MessageChatViewController.swift in Sources */ = {isa = PBXBuildFile; fileRef = 4F87C10829C73B100059EC6F /* MessageChatViewController.swift */; };
		4F944E6329B35D3500B7AC14 /* MatchHomeViewController.swift in Sources */ = {isa = PBXBuildFile; fileRef = 4F944E6229B35D3500B7AC14 /* MatchHomeViewController.swift */; };
		4FA2967629C5D57200398BFE /* TabBar.swift in Sources */ = {isa = PBXBuildFile; fileRef = 4FA2967529C5D57200398BFE /* TabBar.swift */; };
		4FA2967829C5D5B100398BFE /* ProfileViewController.swift in Sources */ = {isa = PBXBuildFile; fileRef = 4FA2967729C5D5B100398BFE /* ProfileViewController.swift */; };
		4FA2967A29C5D5C000398BFE /* MessagesViewController.swift in Sources */ = {isa = PBXBuildFile; fileRef = 4FA2967929C5D5C000398BFE /* MessagesViewController.swift */; };
		4FA6348929BD481E00F7C75E /* RTCTokenModel.swift in Sources */ = {isa = PBXBuildFile; fileRef = 4FA6348829BD481E00F7C75E /* RTCTokenModel.swift */; };
		4FAE974629D07EA700C59B8F /* Message.swift in Sources */ = {isa = PBXBuildFile; fileRef = 4FAE974529D07EA700C59B8F /* Message.swift */; };
		4FC6250629BD17AF00698116 /* NetworkManager.swift in Sources */ = {isa = PBXBuildFile; fileRef = 4FC6250529BD17AF00698116 /* NetworkManager.swift */; };
		4FC6250929BD185C00698116 /* MatchHomeViewModel.swift in Sources */ = {isa = PBXBuildFile; fileRef = 4FC6250829BD185C00698116 /* MatchHomeViewModel.swift */; };
		4FCA50B129C5F0A300E0DC8E /* MessageTableViewCell.swift in Sources */ = {isa = PBXBuildFile; fileRef = 4FCA50B029C5F0A300E0DC8E /* MessageTableViewCell.swift */; };
		4FCA50BD29C6159B00E0DC8E /* FriendsViewController.swift in Sources */ = {isa = PBXBuildFile; fileRef = 4FCA50BC29C6159B00E0DC8E /* FriendsViewController.swift */; };
		4FCA50BF29C616B000E0DC8E /* FriendsTableViewCell.swift in Sources */ = {isa = PBXBuildFile; fileRef = 4FCA50BE29C616B000E0DC8E /* FriendsTableViewCell.swift */; };
		4FCEF3AC2A37400A00E31378 /* UIColor+Extensions.swift in Sources */ = {isa = PBXBuildFile; fileRef = 4FCEF3AB2A37400A00E31378 /* UIColor+Extensions.swift */; };
		4FCEF3AE2A37480000E31378 /* UILabel+Extensions.swift in Sources */ = {isa = PBXBuildFile; fileRef = 4FCEF3AD2A37480000E31378 /* UILabel+Extensions.swift */; };
		4FDB18AC29D0894A009E246E /* Messages.xcdatamodeld in Sources */ = {isa = PBXBuildFile; fileRef = 4FDB18AA29D0894A009E246E /* Messages.xcdatamodeld */; };
		4FE3723329CCACB90095EDAD /* FriendRequestsViewController.swift in Sources */ = {isa = PBXBuildFile; fileRef = 4FE3723229CCACB90095EDAD /* FriendRequestsViewController.swift */; };
		4FE3723529CCB6BA0095EDAD /* User.swift in Sources */ = {isa = PBXBuildFile; fileRef = 4FE3723429CCB6BA0095EDAD /* User.swift */; };
		4FE3723729CCBB700095EDAD /* FriendsRequestsTableViewCell.swift in Sources */ = {isa = PBXBuildFile; fileRef = 4FE3723629CCBB700095EDAD /* FriendsRequestsTableViewCell.swift */; };
		4FF30B2329E30DE6006AA02C /* RegisterViewModel.swift in Sources */ = {isa = PBXBuildFile; fileRef = 4FF30B2229E30DE6006AA02C /* RegisterViewModel.swift */; };
		4FF30B2529E30FED006AA02C /* ProfileViewModel.swift in Sources */ = {isa = PBXBuildFile; fileRef = 4FF30B2429E30FED006AA02C /* ProfileViewModel.swift */; };
		4FF30B2729E31127006AA02C /* MessagesViewModel.swift in Sources */ = {isa = PBXBuildFile; fileRef = 4FF30B2629E31127006AA02C /* MessagesViewModel.swift */; };
		4FF30B2929E312A1006AA02C /* FriendsViewModel.swift in Sources */ = {isa = PBXBuildFile; fileRef = 4FF30B2829E312A1006AA02C /* FriendsViewModel.swift */; };
		4FF30B2B29E3137D006AA02C /* MessageChatViewModel.swift in Sources */ = {isa = PBXBuildFile; fileRef = 4FF30B2A29E3137D006AA02C /* MessageChatViewModel.swift */; };
		4FF30B2D29E315E9006AA02C /* FriendRequestsViewModel.swift in Sources */ = {isa = PBXBuildFile; fileRef = 4FF30B2C29E315E9006AA02C /* FriendRequestsViewModel.swift */; };
		4FF30B2F29E31879006AA02C /* LoginViewModel.swift in Sources */ = {isa = PBXBuildFile; fileRef = 4FF30B2E29E31879006AA02C /* LoginViewModel.swift */; };
		4FFED1112A13AED100A43FC0 /* MatchNotificationViewModel.swift in Sources */ = {isa = PBXBuildFile; fileRef = 4FFED1102A13AED100A43FC0 /* MatchNotificationViewModel.swift */; };
/* End PBXBuildFile section */

/* Begin PBXFileReference section */
		05C4EB91BE85C1D8D4B38FFE /* Pods_VideoChat.framework */ = {isa = PBXFileReference; explicitFileType = wrapper.framework; includeInIndex = 0; path = Pods_VideoChat.framework; sourceTree = BUILT_PRODUCTS_DIR; };
		47E83595787715E0B70923CD /* Pods-VideoChat.release.xcconfig */ = {isa = PBXFileReference; includeInIndex = 1; lastKnownFileType = text.xcconfig; name = "Pods-VideoChat.release.xcconfig"; path = "Target Support Files/Pods-VideoChat/Pods-VideoChat.release.xcconfig"; sourceTree = "<group>"; };
		4F05C8CD29EAC1C600D4420A /* MatchNotification.swift */ = {isa = PBXFileReference; lastKnownFileType = sourcecode.swift; path = MatchNotification.swift; sourceTree = "<group>"; };
		4F09AE702A472A980028C810 /* StoreKit.framework */ = {isa = PBXFileReference; lastKnownFileType = wrapper.framework; name = StoreKit.framework; path = System/Library/Frameworks/StoreKit.framework; sourceTree = SDKROOT; };
		4F3A37CA2A559D8C0019DF62 /* IAPManager.swift */ = {isa = PBXFileReference; lastKnownFileType = sourcecode.swift; path = IAPManager.swift; sourceTree = "<group>"; };
		4F3A37CC2A55A3740019DF62 /* Configuration.storekit */ = {isa = PBXFileReference; lastKnownFileType = text; path = Configuration.storekit; sourceTree = "<group>"; };
		4F404CB629D4914500164DBF /* MessageChatTableViewCell.swift */ = {isa = PBXFileReference; lastKnownFileType = sourcecode.swift; path = MessageChatTableViewCell.swift; sourceTree = "<group>"; };
		4F40F1922A02E23100E8C1BC /* SmallNotification.swift */ = {isa = PBXFileReference; lastKnownFileType = sourcecode.swift; path = SmallNotification.swift; sourceTree = "<group>"; };
		4F4691562A14CDD600EF3F56 /* ImageCache.swift */ = {isa = PBXFileReference; lastKnownFileType = sourcecode.swift; path = ImageCache.swift; sourceTree = "<group>"; };
		4F515EF92A45BACE0017D5D2 /* BuyCoinViewController.swift */ = {isa = PBXFileReference; lastKnownFileType = sourcecode.swift; path = BuyCoinViewController.swift; sourceTree = "<group>"; };
		4F515EFB2A45C1E60017D5D2 /* PackageButton.swift */ = {isa = PBXFileReference; lastKnownFileType = sourcecode.swift; path = PackageButton.swift; sourceTree = "<group>"; };
		4F5393652A1D0B360079175F /* GenderClass 1.mlmodel */ = {isa = PBXFileReference; lastKnownFileType = file.mlmodel; path = "GenderClass 1.mlmodel"; sourceTree = "<group>"; };
		4F6766E929B0EC2000DC3BD6 /* LoginViewController.swift */ = {isa = PBXFileReference; lastKnownFileType = sourcecode.swift; path = LoginViewController.swift; sourceTree = "<group>"; };
		4F6766EB29B0F02E00DC3BD6 /* RegisterViewController.swift */ = {isa = PBXFileReference; lastKnownFileType = sourcecode.swift; path = RegisterViewController.swift; sourceTree = "<group>"; };
		4F680C5329B0CD4600081B51 /* VideoChat.app */ = {isa = PBXFileReference; explicitFileType = wrapper.application; includeInIndex = 0; path = VideoChat.app; sourceTree = BUILT_PRODUCTS_DIR; };
		4F680C5629B0CD4600081B51 /* AppDelegate.swift */ = {isa = PBXFileReference; lastKnownFileType = sourcecode.swift; path = AppDelegate.swift; sourceTree = "<group>"; };
		4F680C5829B0CD4600081B51 /* SceneDelegate.swift */ = {isa = PBXFileReference; lastKnownFileType = sourcecode.swift; path = SceneDelegate.swift; sourceTree = "<group>"; };
		4F680C5A29B0CD4600081B51 /* ViewController.swift */ = {isa = PBXFileReference; lastKnownFileType = sourcecode.swift; path = ViewController.swift; sourceTree = "<group>"; };
		4F680C5F29B0CD4800081B51 /* Assets.xcassets */ = {isa = PBXFileReference; lastKnownFileType = folder.assetcatalog; path = Assets.xcassets; sourceTree = "<group>"; };
		4F680C6229B0CD4800081B51 /* Base */ = {isa = PBXFileReference; lastKnownFileType = file.storyboard; name = Base; path = Base.lproj/LaunchScreen.storyboard; sourceTree = "<group>"; };
		4F680C6429B0CD4800081B51 /* Info.plist */ = {isa = PBXFileReference; lastKnownFileType = text.plist.xml; path = Info.plist; sourceTree = "<group>"; };
		4F680C6B29B0CF5500081B51 /* GoogleService-Info.plist */ = {isa = PBXFileReference; fileEncoding = 4; lastKnownFileType = text.plist.xml; path = "GoogleService-Info.plist"; sourceTree = "<group>"; };
		4F8250642A44304B0084CEDC /* SelectGenderPopUp.swift */ = {isa = PBXFileReference; lastKnownFileType = sourcecode.swift; path = SelectGenderPopUp.swift; sourceTree = "<group>"; };
		4F87C10829C73B100059EC6F /* MessageChatViewController.swift */ = {isa = PBXFileReference; lastKnownFileType = sourcecode.swift; path = MessageChatViewController.swift; sourceTree = "<group>"; };
		4F944E6229B35D3500B7AC14 /* MatchHomeViewController.swift */ = {isa = PBXFileReference; lastKnownFileType = sourcecode.swift; path = MatchHomeViewController.swift; sourceTree = "<group>"; };
		4FA2967529C5D57200398BFE /* TabBar.swift */ = {isa = PBXFileReference; lastKnownFileType = sourcecode.swift; path = TabBar.swift; sourceTree = "<group>"; };
		4FA2967729C5D5B100398BFE /* ProfileViewController.swift */ = {isa = PBXFileReference; lastKnownFileType = sourcecode.swift; path = ProfileViewController.swift; sourceTree = "<group>"; };
		4FA2967929C5D5C000398BFE /* MessagesViewController.swift */ = {isa = PBXFileReference; lastKnownFileType = sourcecode.swift; path = MessagesViewController.swift; sourceTree = "<group>"; };
		4FA6348829BD481E00F7C75E /* RTCTokenModel.swift */ = {isa = PBXFileReference; lastKnownFileType = sourcecode.swift; path = RTCTokenModel.swift; sourceTree = "<group>"; };
		4FAE974529D07EA700C59B8F /* Message.swift */ = {isa = PBXFileReference; lastKnownFileType = sourcecode.swift; path = Message.swift; sourceTree = "<group>"; };
		4FC6250529BD17AF00698116 /* NetworkManager.swift */ = {isa = PBXFileReference; lastKnownFileType = sourcecode.swift; path = NetworkManager.swift; sourceTree = "<group>"; };
		4FC6250829BD185C00698116 /* MatchHomeViewModel.swift */ = {isa = PBXFileReference; lastKnownFileType = sourcecode.swift; path = MatchHomeViewModel.swift; sourceTree = "<group>"; };
		4FCA50B029C5F0A300E0DC8E /* MessageTableViewCell.swift */ = {isa = PBXFileReference; lastKnownFileType = sourcecode.swift; path = MessageTableViewCell.swift; sourceTree = "<group>"; };
		4FCA50BC29C6159B00E0DC8E /* FriendsViewController.swift */ = {isa = PBXFileReference; lastKnownFileType = sourcecode.swift; path = FriendsViewController.swift; sourceTree = "<group>"; };
		4FCA50BE29C616B000E0DC8E /* FriendsTableViewCell.swift */ = {isa = PBXFileReference; lastKnownFileType = sourcecode.swift; path = FriendsTableViewCell.swift; sourceTree = "<group>"; };
		4FCEF3AB2A37400A00E31378 /* UIColor+Extensions.swift */ = {isa = PBXFileReference; lastKnownFileType = sourcecode.swift; path = "UIColor+Extensions.swift"; sourceTree = "<group>"; };
		4FCEF3AD2A37480000E31378 /* UILabel+Extensions.swift */ = {isa = PBXFileReference; lastKnownFileType = sourcecode.swift; path = "UILabel+Extensions.swift"; sourceTree = "<group>"; };
		4FDB18AB29D0894A009E246E /* Messages.xcdatamodel */ = {isa = PBXFileReference; lastKnownFileType = wrapper.xcdatamodel; path = Messages.xcdatamodel; sourceTree = "<group>"; };
		4FE3723229CCACB90095EDAD /* FriendRequestsViewController.swift */ = {isa = PBXFileReference; lastKnownFileType = sourcecode.swift; path = FriendRequestsViewController.swift; sourceTree = "<group>"; };
		4FE3723429CCB6BA0095EDAD /* User.swift */ = {isa = PBXFileReference; lastKnownFileType = sourcecode.swift; path = User.swift; sourceTree = "<group>"; };
		4FE3723629CCBB700095EDAD /* FriendsRequestsTableViewCell.swift */ = {isa = PBXFileReference; lastKnownFileType = sourcecode.swift; path = FriendsRequestsTableViewCell.swift; sourceTree = "<group>"; };
		4FF30B2229E30DE6006AA02C /* RegisterViewModel.swift */ = {isa = PBXFileReference; lastKnownFileType = sourcecode.swift; path = RegisterViewModel.swift; sourceTree = "<group>"; };
		4FF30B2429E30FED006AA02C /* ProfileViewModel.swift */ = {isa = PBXFileReference; lastKnownFileType = sourcecode.swift; path = ProfileViewModel.swift; sourceTree = "<group>"; };
		4FF30B2629E31127006AA02C /* MessagesViewModel.swift */ = {isa = PBXFileReference; lastKnownFileType = sourcecode.swift; path = MessagesViewModel.swift; sourceTree = "<group>"; };
		4FF30B2829E312A1006AA02C /* FriendsViewModel.swift */ = {isa = PBXFileReference; lastKnownFileType = sourcecode.swift; path = FriendsViewModel.swift; sourceTree = "<group>"; };
		4FF30B2A29E3137D006AA02C /* MessageChatViewModel.swift */ = {isa = PBXFileReference; lastKnownFileType = sourcecode.swift; path = MessageChatViewModel.swift; sourceTree = "<group>"; };
		4FF30B2C29E315E9006AA02C /* FriendRequestsViewModel.swift */ = {isa = PBXFileReference; lastKnownFileType = sourcecode.swift; path = FriendRequestsViewModel.swift; sourceTree = "<group>"; };
		4FF30B2E29E31879006AA02C /* LoginViewModel.swift */ = {isa = PBXFileReference; lastKnownFileType = sourcecode.swift; path = LoginViewModel.swift; sourceTree = "<group>"; };
		4FFED1102A13AED100A43FC0 /* MatchNotificationViewModel.swift */ = {isa = PBXFileReference; lastKnownFileType = sourcecode.swift; path = MatchNotificationViewModel.swift; sourceTree = "<group>"; };
		70FB35DC56DC30E5258C59A5 /* Pods-VideoChat.debug.xcconfig */ = {isa = PBXFileReference; includeInIndex = 1; lastKnownFileType = text.xcconfig; name = "Pods-VideoChat.debug.xcconfig"; path = "Target Support Files/Pods-VideoChat/Pods-VideoChat.debug.xcconfig"; sourceTree = "<group>"; };
/* End PBXFileReference section */

/* Begin PBXFrameworksBuildPhase section */
		4F680C5029B0CD4600081B51 /* Frameworks */ = {
			isa = PBXFrameworksBuildPhase;
			buildActionMask = 2147483647;
			files = (
				48BA038A644C2862DB0E9708 /* Pods_VideoChat.framework in Frameworks */,
				4F09AE712A472A980028C810 /* StoreKit.framework in Frameworks */,
			);
			runOnlyForDeploymentPostprocessing = 0;
		};
/* End PBXFrameworksBuildPhase section */

/* Begin PBXGroup section */
		2B05F693EE2135240585C8AC /* Pods */ = {
			isa = PBXGroup;
			children = (
				70FB35DC56DC30E5258C59A5 /* Pods-VideoChat.debug.xcconfig */,
				47E83595787715E0B70923CD /* Pods-VideoChat.release.xcconfig */,
			);
			path = Pods;
			sourceTree = "<group>";
		};
		4F4691552A14CDCE00EF3F56 /* Helpers */ = {
			isa = PBXGroup;
			children = (
				4FCEF3AA2A373FF600E31378 /* Extensions */,
				4F4691562A14CDD600EF3F56 /* ImageCache.swift */,
				4F3A37CA2A559D8C0019DF62 /* IAPManager.swift */,
			);
			path = Helpers;
			sourceTree = "<group>";
		};
		4F5393672A1D0B3B0079175F /* AIModel */ = {
			isa = PBXGroup;
			children = (
				4F5393652A1D0B360079175F /* GenderClass 1.mlmodel */,
			);
			path = AIModel;
			sourceTree = "<group>";
		};
		4F680C4A29B0CD4600081B51 = {
			isa = PBXGroup;
			children = (
				4F680C5529B0CD4600081B51 /* VideoChat */,
				4F680C5429B0CD4600081B51 /* Products */,
				2B05F693EE2135240585C8AC /* Pods */,
				5300D41ABFE6A96BBD39671F /* Frameworks */,
			);
			sourceTree = "<group>";
		};
		4F680C5429B0CD4600081B51 /* Products */ = {
			isa = PBXGroup;
			children = (
				4F680C5329B0CD4600081B51 /* VideoChat.app */,
			);
			name = Products;
			sourceTree = "<group>";
		};
		4F680C5529B0CD4600081B51 /* VideoChat */ = {
			isa = PBXGroup;
			children = (
				4F5393672A1D0B3B0079175F /* AIModel */,
				4F4691552A14CDCE00EF3F56 /* Helpers */,
				4FA6348729BD47F600F7C75E /* Models */,
				4F680C6A29B0CDE900081B51 /* Views */,
				4FC6250729BD184200698116 /* ViewModels */,
				4FC6250429BD179B00698116 /* Services */,
				4F680C5629B0CD4600081B51 /* AppDelegate.swift */,
				4F680C5829B0CD4600081B51 /* SceneDelegate.swift */,
				4F680C5F29B0CD4800081B51 /* Assets.xcassets */,
				4F680C6129B0CD4800081B51 /* LaunchScreen.storyboard */,
				4F680C6429B0CD4800081B51 /* Info.plist */,
				4F680C6B29B0CF5500081B51 /* GoogleService-Info.plist */,
				4FDB18AA29D0894A009E246E /* Messages.xcdatamodeld */,
				4F3A37CC2A55A3740019DF62 /* Configuration.storekit */,
			);
			path = VideoChat;
			sourceTree = "<group>";
		};
		4F680C6A29B0CDE900081B51 /* Views */ = {
			isa = PBXGroup;
			children = (
				4FCA50AE29C5F08900E0DC8E /* TableViewCell */,
				4FA2967429C5D56300398BFE /* TabBar */,
				4F680C5A29B0CD4600081B51 /* ViewController.swift */,
				4F6766EB29B0F02E00DC3BD6 /* RegisterViewController.swift */,
				4F6766E929B0EC2000DC3BD6 /* LoginViewController.swift */,
				4FA2967729C5D5B100398BFE /* ProfileViewController.swift */,
				4F944E6229B35D3500B7AC14 /* MatchHomeViewController.swift */,
				4FA2967929C5D5C000398BFE /* MessagesViewController.swift */,
				4F87C10829C73B100059EC6F /* MessageChatViewController.swift */,
				4FCA50BC29C6159B00E0DC8E /* FriendsViewController.swift */,
				4FE3723229CCACB90095EDAD /* FriendRequestsViewController.swift */,
				4F05C8CD29EAC1C600D4420A /* MatchNotification.swift */,
				4F40F1922A02E23100E8C1BC /* SmallNotification.swift */,
				4F8250642A44304B0084CEDC /* SelectGenderPopUp.swift */,
				4F515EF92A45BACE0017D5D2 /* BuyCoinViewController.swift */,
				4F515EFB2A45C1E60017D5D2 /* PackageButton.swift */,
			);
			path = Views;
			sourceTree = "<group>";
		};
		4FA2967429C5D56300398BFE /* TabBar */ = {
			isa = PBXGroup;
			children = (
				4FA2967529C5D57200398BFE /* TabBar.swift */,
			);
			path = TabBar;
			sourceTree = "<group>";
		};
		4FA6348729BD47F600F7C75E /* Models */ = {
			isa = PBXGroup;
			children = (
				4FA6348829BD481E00F7C75E /* RTCTokenModel.swift */,
				4FE3723429CCB6BA0095EDAD /* User.swift */,
				4FAE974529D07EA700C59B8F /* Message.swift */,
			);
			path = Models;
			sourceTree = "<group>";
		};
		4FC6250429BD179B00698116 /* Services */ = {
			isa = PBXGroup;
			children = (
				4FC6250529BD17AF00698116 /* NetworkManager.swift */,
			);
			path = Services;
			sourceTree = "<group>";
		};
		4FC6250729BD184200698116 /* ViewModels */ = {
			isa = PBXGroup;
			children = (
				4FF30B2229E30DE6006AA02C /* RegisterViewModel.swift */,
				4FF30B2E29E31879006AA02C /* LoginViewModel.swift */,
				4FF30B2429E30FED006AA02C /* ProfileViewModel.swift */,
				4FC6250829BD185C00698116 /* MatchHomeViewModel.swift */,
				4FF30B2629E31127006AA02C /* MessagesViewModel.swift */,
				4FF30B2A29E3137D006AA02C /* MessageChatViewModel.swift */,
				4FF30B2829E312A1006AA02C /* FriendsViewModel.swift */,
				4FF30B2C29E315E9006AA02C /* FriendRequestsViewModel.swift */,
				4FFED1102A13AED100A43FC0 /* MatchNotificationViewModel.swift */,
			);
			path = ViewModels;
			sourceTree = "<group>";
		};
		4FCA50AE29C5F08900E0DC8E /* TableViewCell */ = {
			isa = PBXGroup;
			children = (
				4FCA50B029C5F0A300E0DC8E /* MessageTableViewCell.swift */,
				4FCA50BE29C616B000E0DC8E /* FriendsTableViewCell.swift */,
				4FE3723629CCBB700095EDAD /* FriendsRequestsTableViewCell.swift */,
				4F404CB629D4914500164DBF /* MessageChatTableViewCell.swift */,
			);
			path = TableViewCell;
			sourceTree = "<group>";
		};
		4FCEF3AA2A373FF600E31378 /* Extensions */ = {
			isa = PBXGroup;
			children = (
				4FCEF3AB2A37400A00E31378 /* UIColor+Extensions.swift */,
				4FCEF3AD2A37480000E31378 /* UILabel+Extensions.swift */,
			);
			path = Extensions;
			sourceTree = "<group>";
		};
		5300D41ABFE6A96BBD39671F /* Frameworks */ = {
			isa = PBXGroup;
			children = (
				4F09AE702A472A980028C810 /* StoreKit.framework */,
				05C4EB91BE85C1D8D4B38FFE /* Pods_VideoChat.framework */,
			);
			name = Frameworks;
			sourceTree = "<group>";
		};
/* End PBXGroup section */

/* Begin PBXNativeTarget section */
		4F680C5229B0CD4600081B51 /* VideoChat */ = {
			isa = PBXNativeTarget;
			buildConfigurationList = 4F680C6729B0CD4800081B51 /* Build configuration list for PBXNativeTarget "VideoChat" */;
			buildPhases = (
				E12BCE55B2EED3C261FC5D15 /* [CP] Check Pods Manifest.lock */,
				4F680C4F29B0CD4600081B51 /* Sources */,
				4F680C5029B0CD4600081B51 /* Frameworks */,
				4F680C5129B0CD4600081B51 /* Resources */,
				16311ECD385AADFBF3B95574 /* [CP] Embed Pods Frameworks */,
			);
			buildRules = (
			);
			dependencies = (
			);
			name = VideoChat;
			productName = VideoChat;
			productReference = 4F680C5329B0CD4600081B51 /* VideoChat.app */;
			productType = "com.apple.product-type.application";
		};
/* End PBXNativeTarget section */

/* Begin PBXProject section */
		4F680C4B29B0CD4600081B51 /* Project object */ = {
			isa = PBXProject;
			attributes = {
				BuildIndependentTargetsInParallel = 1;
				LastSwiftUpdateCheck = 1420;
				LastUpgradeCheck = 1420;
				TargetAttributes = {
					4F680C5229B0CD4600081B51 = {
						CreatedOnToolsVersion = 14.2;
					};
				};
			};
			buildConfigurationList = 4F680C4E29B0CD4600081B51 /* Build configuration list for PBXProject "VideoChat" */;
			compatibilityVersion = "Xcode 14.0";
			developmentRegion = en;
			hasScannedForEncodings = 0;
			knownRegions = (
				en,
				Base,
			);
			mainGroup = 4F680C4A29B0CD4600081B51;
			productRefGroup = 4F680C5429B0CD4600081B51 /* Products */;
			projectDirPath = "";
			projectRoot = "";
			targets = (
				4F680C5229B0CD4600081B51 /* VideoChat */,
			);
		};
/* End PBXProject section */

/* Begin PBXResourcesBuildPhase section */
		4F680C5129B0CD4600081B51 /* Resources */ = {
			isa = PBXResourcesBuildPhase;
			buildActionMask = 2147483647;
			files = (
				4F680C6329B0CD4800081B51 /* LaunchScreen.storyboard in Resources */,
				4F3A37CD2A55A5CA0019DF62 /* Configuration.storekit in Resources */,
				4F680C6029B0CD4800081B51 /* Assets.xcassets in Resources */,
				4F680C6C29B0CF5600081B51 /* GoogleService-Info.plist in Resources */,
			);
			runOnlyForDeploymentPostprocessing = 0;
		};
/* End PBXResourcesBuildPhase section */

/* Begin PBXShellScriptBuildPhase section */
		16311ECD385AADFBF3B95574 /* [CP] Embed Pods Frameworks */ = {
			isa = PBXShellScriptBuildPhase;
			buildActionMask = 2147483647;
			files = (
			);
			inputFileListPaths = (
				"${PODS_ROOT}/Target Support Files/Pods-VideoChat/Pods-VideoChat-frameworks-${CONFIGURATION}-input-files.xcfilelist",
			);
			name = "[CP] Embed Pods Frameworks";
			outputFileListPaths = (
				"${PODS_ROOT}/Target Support Files/Pods-VideoChat/Pods-VideoChat-frameworks-${CONFIGURATION}-output-files.xcfilelist",
			);
			runOnlyForDeploymentPostprocessing = 0;
			shellPath = /bin/sh;
			shellScript = "\"${PODS_ROOT}/Target Support Files/Pods-VideoChat/Pods-VideoChat-frameworks.sh\"\n";
			showEnvVarsInLog = 0;
		};
		E12BCE55B2EED3C261FC5D15 /* [CP] Check Pods Manifest.lock */ = {
			isa = PBXShellScriptBuildPhase;
			buildActionMask = 2147483647;
			files = (
			);
			inputFileListPaths = (
			);
			inputPaths = (
				"${PODS_PODFILE_DIR_PATH}/Podfile.lock",
				"${PODS_ROOT}/Manifest.lock",
			);
			name = "[CP] Check Pods Manifest.lock";
			outputFileListPaths = (
			);
			outputPaths = (
				"$(DERIVED_FILE_DIR)/Pods-VideoChat-checkManifestLockResult.txt",
			);
			runOnlyForDeploymentPostprocessing = 0;
			shellPath = /bin/sh;
			shellScript = "diff \"${PODS_PODFILE_DIR_PATH}/Podfile.lock\" \"${PODS_ROOT}/Manifest.lock\" > /dev/null\nif [ $? != 0 ] ; then\n    # print error to STDERR\n    echo \"error: The sandbox is not in sync with the Podfile.lock. Run 'pod install' or update your CocoaPods installation.\" >&2\n    exit 1\nfi\n# This output is used by Xcode 'outputs' to avoid re-running this script phase.\necho \"SUCCESS\" > \"${SCRIPT_OUTPUT_FILE_0}\"\n";
			showEnvVarsInLog = 0;
		};
/* End PBXShellScriptBuildPhase section */

/* Begin PBXSourcesBuildPhase section */
		4F680C4F29B0CD4600081B51 /* Sources */ = {
			isa = PBXSourcesBuildPhase;
			buildActionMask = 2147483647;
			files = (
				4F4691572A14CDD600EF3F56 /* ImageCache.swift in Sources */,
				4FF30B2D29E315E9006AA02C /* FriendRequestsViewModel.swift in Sources */,
				4F6766EA29B0EC2000DC3BD6 /* LoginViewController.swift in Sources */,
				4F515EFC2A45C1E60017D5D2 /* PackageButton.swift in Sources */,
				4F944E6329B35D3500B7AC14 /* MatchHomeViewController.swift in Sources */,
				4F6766EC29B0F02E00DC3BD6 /* RegisterViewController.swift in Sources */,
				4FCA50BF29C616B000E0DC8E /* FriendsTableViewCell.swift in Sources */,
				4FE3723729CCBB700095EDAD /* FriendsRequestsTableViewCell.swift in Sources */,
				4FE3723329CCACB90095EDAD /* FriendRequestsViewController.swift in Sources */,
				4FF30B2529E30FED006AA02C /* ProfileViewModel.swift in Sources */,
				4F05C8CE29EAC1C600D4420A /* MatchNotification.swift in Sources */,
				4FC6250629BD17AF00698116 /* NetworkManager.swift in Sources */,
				4FCEF3AC2A37400A00E31378 /* UIColor+Extensions.swift in Sources */,
				4FDB18AC29D0894A009E246E /* Messages.xcdatamodeld in Sources */,
				4FF30B2B29E3137D006AA02C /* MessageChatViewModel.swift in Sources */,
				4FCA50BD29C6159B00E0DC8E /* FriendsViewController.swift in Sources */,
				4F3A37CB2A559D8C0019DF62 /* IAPManager.swift in Sources */,
				4F680C5B29B0CD4600081B51 /* ViewController.swift in Sources */,
				4FC6250929BD185C00698116 /* MatchHomeViewModel.swift in Sources */,
				4FA2967A29C5D5C000398BFE /* MessagesViewController.swift in Sources */,
				4FCA50B129C5F0A300E0DC8E /* MessageTableViewCell.swift in Sources */,
				4FA2967829C5D5B100398BFE /* ProfileViewController.swift in Sources */,
				4FA6348929BD481E00F7C75E /* RTCTokenModel.swift in Sources */,
				4F404CB729D4914500164DBF /* MessageChatTableViewCell.swift in Sources */,
				4F515EFA2A45BACE0017D5D2 /* BuyCoinViewController.swift in Sources */,
				4FF30B2729E31127006AA02C /* MessagesViewModel.swift in Sources */,
				4F680C5729B0CD4600081B51 /* AppDelegate.swift in Sources */,
				4FFED1112A13AED100A43FC0 /* MatchNotificationViewModel.swift in Sources */,
				4F8250652A44304B0084CEDC /* SelectGenderPopUp.swift in Sources */,
				4FF30B2F29E31879006AA02C /* LoginViewModel.swift in Sources */,
				4FE3723529CCB6BA0095EDAD /* User.swift in Sources */,
				4F680C5929B0CD4600081B51 /* SceneDelegate.swift in Sources */,
				4F5393662A1D0B360079175F /* GenderClass 1.mlmodel in Sources */,
				4FAE974629D07EA700C59B8F /* Message.swift in Sources */,
				4F87C10929C73B100059EC6F /* MessageChatViewController.swift in Sources */,
				4FA2967629C5D57200398BFE /* TabBar.swift in Sources */,
				4FF30B2929E312A1006AA02C /* FriendsViewModel.swift in Sources */,
				4FF30B2329E30DE6006AA02C /* RegisterViewModel.swift in Sources */,
				4FCEF3AE2A37480000E31378 /* UILabel+Extensions.swift in Sources */,
				4F40F1932A02E23100E8C1BC /* SmallNotification.swift in Sources */,
			);
			runOnlyForDeploymentPostprocessing = 0;
		};
/* End PBXSourcesBuildPhase section */

/* Begin PBXVariantGroup section */
		4F680C6129B0CD4800081B51 /* LaunchScreen.storyboard */ = {
			isa = PBXVariantGroup;
			children = (
				4F680C6229B0CD4800081B51 /* Base */,
			);
			name = LaunchScreen.storyboard;
			sourceTree = "<group>";
		};
/* End PBXVariantGroup section */

/* Begin XCBuildConfiguration section */
		4F680C6529B0CD4800081B51 /* Debug */ = {
			isa = XCBuildConfiguration;
			buildSettings = {
				ALWAYS_SEARCH_USER_PATHS = NO;
				CLANG_ANALYZER_NONNULL = YES;
				CLANG_ANALYZER_NUMBER_OBJECT_CONVERSION = YES_AGGRESSIVE;
				CLANG_CXX_LANGUAGE_STANDARD = "gnu++20";
				CLANG_ENABLE_MODULES = YES;
				CLANG_ENABLE_OBJC_ARC = YES;
				CLANG_ENABLE_OBJC_WEAK = YES;
				CLANG_WARN_BLOCK_CAPTURE_AUTORELEASING = YES;
				CLANG_WARN_BOOL_CONVERSION = YES;
				CLANG_WARN_COMMA = YES;
				CLANG_WARN_CONSTANT_CONVERSION = YES;
				CLANG_WARN_DEPRECATED_OBJC_IMPLEMENTATIONS = YES;
				CLANG_WARN_DIRECT_OBJC_ISA_USAGE = YES_ERROR;
				CLANG_WARN_DOCUMENTATION_COMMENTS = YES;
				CLANG_WARN_EMPTY_BODY = YES;
				CLANG_WARN_ENUM_CONVERSION = YES;
				CLANG_WARN_INFINITE_RECURSION = YES;
				CLANG_WARN_INT_CONVERSION = YES;
				CLANG_WARN_NON_LITERAL_NULL_CONVERSION = YES;
				CLANG_WARN_OBJC_IMPLICIT_RETAIN_SELF = YES;
				CLANG_WARN_OBJC_LITERAL_CONVERSION = YES;
				CLANG_WARN_OBJC_ROOT_CLASS = YES_ERROR;
				CLANG_WARN_QUOTED_INCLUDE_IN_FRAMEWORK_HEADER = YES;
				CLANG_WARN_RANGE_LOOP_ANALYSIS = YES;
				CLANG_WARN_STRICT_PROTOTYPES = YES;
				CLANG_WARN_SUSPICIOUS_MOVE = YES;
				CLANG_WARN_UNGUARDED_AVAILABILITY = YES_AGGRESSIVE;
				CLANG_WARN_UNREACHABLE_CODE = YES;
				CLANG_WARN__DUPLICATE_METHOD_MATCH = YES;
				COPY_PHASE_STRIP = NO;
				DEBUG_INFORMATION_FORMAT = dwarf;
				ENABLE_STRICT_OBJC_MSGSEND = YES;
				ENABLE_TESTABILITY = YES;
				GCC_C_LANGUAGE_STANDARD = gnu11;
				GCC_DYNAMIC_NO_PIC = NO;
				GCC_NO_COMMON_BLOCKS = YES;
				GCC_OPTIMIZATION_LEVEL = 0;
				GCC_PREPROCESSOR_DEFINITIONS = (
					"DEBUG=1",
					"$(inherited)",
				);
				GCC_WARN_64_TO_32_BIT_CONVERSION = YES;
				GCC_WARN_ABOUT_RETURN_TYPE = YES_ERROR;
				GCC_WARN_UNDECLARED_SELECTOR = YES;
				GCC_WARN_UNINITIALIZED_AUTOS = YES_AGGRESSIVE;
				GCC_WARN_UNUSED_FUNCTION = YES;
				GCC_WARN_UNUSED_VARIABLE = YES;
				IPHONEOS_DEPLOYMENT_TARGET = 15.0;
				MTL_ENABLE_DEBUG_INFO = INCLUDE_SOURCE;
				MTL_FAST_MATH = YES;
				ONLY_ACTIVE_ARCH = YES;
				SDKROOT = iphoneos;
				SWIFT_ACTIVE_COMPILATION_CONDITIONS = DEBUG;
				SWIFT_OPTIMIZATION_LEVEL = "-Onone";
			};
			name = Debug;
		};
		4F680C6629B0CD4800081B51 /* Release */ = {
			isa = XCBuildConfiguration;
			buildSettings = {
				ALWAYS_SEARCH_USER_PATHS = NO;
				CLANG_ANALYZER_NONNULL = YES;
				CLANG_ANALYZER_NUMBER_OBJECT_CONVERSION = YES_AGGRESSIVE;
				CLANG_CXX_LANGUAGE_STANDARD = "gnu++20";
				CLANG_ENABLE_MODULES = YES;
				CLANG_ENABLE_OBJC_ARC = YES;
				CLANG_ENABLE_OBJC_WEAK = YES;
				CLANG_WARN_BLOCK_CAPTURE_AUTORELEASING = YES;
				CLANG_WARN_BOOL_CONVERSION = YES;
				CLANG_WARN_COMMA = YES;
				CLANG_WARN_CONSTANT_CONVERSION = YES;
				CLANG_WARN_DEPRECATED_OBJC_IMPLEMENTATIONS = YES;
				CLANG_WARN_DIRECT_OBJC_ISA_USAGE = YES_ERROR;
				CLANG_WARN_DOCUMENTATION_COMMENTS = YES;
				CLANG_WARN_EMPTY_BODY = YES;
				CLANG_WARN_ENUM_CONVERSION = YES;
				CLANG_WARN_INFINITE_RECURSION = YES;
				CLANG_WARN_INT_CONVERSION = YES;
				CLANG_WARN_NON_LITERAL_NULL_CONVERSION = YES;
				CLANG_WARN_OBJC_IMPLICIT_RETAIN_SELF = YES;
				CLANG_WARN_OBJC_LITERAL_CONVERSION = YES;
				CLANG_WARN_OBJC_ROOT_CLASS = YES_ERROR;
				CLANG_WARN_QUOTED_INCLUDE_IN_FRAMEWORK_HEADER = YES;
				CLANG_WARN_RANGE_LOOP_ANALYSIS = YES;
				CLANG_WARN_STRICT_PROTOTYPES = YES;
				CLANG_WARN_SUSPICIOUS_MOVE = YES;
				CLANG_WARN_UNGUARDED_AVAILABILITY = YES_AGGRESSIVE;
				CLANG_WARN_UNREACHABLE_CODE = YES;
				CLANG_WARN__DUPLICATE_METHOD_MATCH = YES;
				COPY_PHASE_STRIP = NO;
				DEBUG_INFORMATION_FORMAT = "dwarf-with-dsym";
				ENABLE_NS_ASSERTIONS = NO;
				ENABLE_STRICT_OBJC_MSGSEND = YES;
				GCC_C_LANGUAGE_STANDARD = gnu11;
				GCC_NO_COMMON_BLOCKS = YES;
				GCC_WARN_64_TO_32_BIT_CONVERSION = YES;
				GCC_WARN_ABOUT_RETURN_TYPE = YES_ERROR;
				GCC_WARN_UNDECLARED_SELECTOR = YES;
				GCC_WARN_UNINITIALIZED_AUTOS = YES_AGGRESSIVE;
				GCC_WARN_UNUSED_FUNCTION = YES;
				GCC_WARN_UNUSED_VARIABLE = YES;
				IPHONEOS_DEPLOYMENT_TARGET = 15.0;
				MTL_ENABLE_DEBUG_INFO = NO;
				MTL_FAST_MATH = YES;
				ONLY_ACTIVE_ARCH = YES;
				SDKROOT = iphoneos;
				SWIFT_COMPILATION_MODE = wholemodule;
				SWIFT_OPTIMIZATION_LEVEL = "-O";
				VALIDATE_PRODUCT = YES;
			};
			name = Release;
		};
		4F680C6829B0CD4800081B51 /* Debug */ = {
			isa = XCBuildConfiguration;
			baseConfigurationReference = 70FB35DC56DC30E5258C59A5 /* Pods-VideoChat.debug.xcconfig */;
			buildSettings = {
				ASSETCATALOG_COMPILER_APPICON_NAME = AppIcon;
				ASSETCATALOG_COMPILER_GLOBAL_ACCENT_COLOR_NAME = AccentColor;
				CODE_SIGN_STYLE = Automatic;
				CURRENT_PROJECT_VERSION = 1;
				DEVELOPMENT_TEAM = USB677SYCW;
				GENERATE_INFOPLIST_FILE = YES;
				INFOPLIST_FILE = VideoChat/Info.plist;
				INFOPLIST_KEY_UIApplicationSupportsIndirectInputEvents = YES;
				INFOPLIST_KEY_UILaunchStoryboardName = LaunchScreen;
				INFOPLIST_KEY_UISupportedInterfaceOrientations = UIInterfaceOrientationPortrait;
				INFOPLIST_KEY_UISupportedInterfaceOrientations_iPad = "UIInterfaceOrientationLandscapeLeft UIInterfaceOrientationLandscapeRight UIInterfaceOrientationPortrait UIInterfaceOrientationPortraitUpsideDown";
				IPHONEOS_DEPLOYMENT_TARGET = 15.0;
				LD_RUNPATH_SEARCH_PATHS = (
					"$(inherited)",
					"@executable_path/Frameworks",
				);
				MARKETING_VERSION = 1.0;
				PRODUCT_BUNDLE_IDENTIFIER = com.harundemirkaya.VideoChat;
				PRODUCT_NAME = "$(TARGET_NAME)";
				SUPPORTED_PLATFORMS = "iphoneos iphonesimulator";
				SUPPORTS_MACCATALYST = NO;
				SUPPORTS_MAC_DESIGNED_FOR_IPHONE_IPAD = YES;
				SWIFT_EMIT_LOC_STRINGS = YES;
				SWIFT_VERSION = 5.0;
				TARGETED_DEVICE_FAMILY = 1;
			};
			name = Debug;
		};
		4F680C6929B0CD4800081B51 /* Release */ = {
			isa = XCBuildConfiguration;
			baseConfigurationReference = 47E83595787715E0B70923CD /* Pods-VideoChat.release.xcconfig */;
			buildSettings = {
				ASSETCATALOG_COMPILER_APPICON_NAME = AppIcon;
				ASSETCATALOG_COMPILER_GLOBAL_ACCENT_COLOR_NAME = AccentColor;
				CODE_SIGN_STYLE = Automatic;
				CURRENT_PROJECT_VERSION = 1;
				DEVELOPMENT_TEAM = USB677SYCW;
				GENERATE_INFOPLIST_FILE = YES;
				INFOPLIST_FILE = VideoChat/Info.plist;
				INFOPLIST_KEY_UIApplicationSupportsIndirectInputEvents = YES;
				INFOPLIST_KEY_UILaunchStoryboardName = LaunchScreen;
				INFOPLIST_KEY_UISupportedInterfaceOrientations = UIInterfaceOrientationPortrait;
				INFOPLIST_KEY_UISupportedInterfaceOrientations_iPad = "UIInterfaceOrientationLandscapeLeft UIInterfaceOrientationLandscapeRight UIInterfaceOrientationPortrait UIInterfaceOrientationPortraitUpsideDown";
				IPHONEOS_DEPLOYMENT_TARGET = 15.0;
				LD_RUNPATH_SEARCH_PATHS = (
					"$(inherited)",
					"@executable_path/Frameworks",
				);
				MARKETING_VERSION = 1.0;
				PRODUCT_BUNDLE_IDENTIFIER = com.harundemirkaya.VideoChat;
				PRODUCT_NAME = "$(TARGET_NAME)";
				SUPPORTED_PLATFORMS = "iphoneos iphonesimulator";
				SUPPORTS_MACCATALYST = NO;
				SUPPORTS_MAC_DESIGNED_FOR_IPHONE_IPAD = YES;
				SWIFT_EMIT_LOC_STRINGS = YES;
				SWIFT_VERSION = 5.0;
				TARGETED_DEVICE_FAMILY = 1;
			};
			name = Release;
		};
/* End XCBuildConfiguration section */

/* Begin XCConfigurationList section */
		4F680C4E29B0CD4600081B51 /* Build configuration list for PBXProject "VideoChat" */ = {
			isa = XCConfigurationList;
			buildConfigurations = (
				4F680C6529B0CD4800081B51 /* Debug */,
				4F680C6629B0CD4800081B51 /* Release */,
			);
			defaultConfigurationIsVisible = 0;
			defaultConfigurationName = Release;
		};
		4F680C6729B0CD4800081B51 /* Build configuration list for PBXNativeTarget "VideoChat" */ = {
			isa = XCConfigurationList;
			buildConfigurations = (
				4F680C6829B0CD4800081B51 /* Debug */,
				4F680C6929B0CD4800081B51 /* Release */,
			);
			defaultConfigurationIsVisible = 0;
			defaultConfigurationName = Release;
		};
/* End XCConfigurationList section */

/* Begin XCVersionGroup section */
		4FDB18AA29D0894A009E246E /* Messages.xcdatamodeld */ = {
			isa = XCVersionGroup;
			children = (
				4FDB18AB29D0894A009E246E /* Messages.xcdatamodel */,
			);
			currentVersion = 4FDB18AB29D0894A009E246E /* Messages.xcdatamodel */;
			path = Messages.xcdatamodeld;
			sourceTree = "<group>";
			versionGroupType = wrapper.xcdatamodel;
		};
/* End XCVersionGroup section */
	};
	rootObject = 4F680C4B29B0CD4600081B51 /* Project object */;
}
